
Microsoft Visual Studio Solution File, Format Version 12.00
# Visual Studio Version 17
VisualStudioVersion = 17.4.33122.133
MinimumVisualStudioVersion = 10.0.40219.1
Project("{FAE04EC0-301F-11D3-BF4B-00C04F79EFBC}") = "Labyrinth1", "Labyrinth1\Labyrinth1.csproj", "{99C9C375-C6A7-4DC3-9C4E-DE131488160E}"
EndProject
Global
	GlobalSection(SolutionConfigurationPlatforms) = preSolution
		Debug|Any CPU = Debug|Any CPU
		Release|Any CPU = Release|Any CPU
	EndGlobalSection
	GlobalSection(ProjectConfigurationPlatforms) = postSolution
		{99C9C375-C6A7-4DC3-9C4E-DE131488160E}.Debug|Any CPU.ActiveCfg = Debug|Any CPU
		{99C9C375-C6A7-4DC3-9C4E-DE131488160E}.Debug|Any CPU.Build.0 = Debug|Any CPU
		{99C9C375-C6A7-4DC3-9C4E-DE131488160E}.Release|Any CPU.ActiveCfg = Release|Any CPU
		{99C9C375-C6A7-4DC3-9C4E-DE131488160E}.Release|Any CPU.Build.0 = Release|Any CPU
	EndGlobalSection
	GlobalSection(SolutionProperties) = preSolution
		HideSolutionNode = FALSE
	EndGlobalSection
	GlobalSection(ExtensibilityGlobals) = postSolution
		SolutionGuid = {8AF5EAEE-9599-47DD-82F1-5D2B40CA9BD8}
	EndGlobalSection
EndGlobal
